// !$*UTF8*$!
{
	archiveVersion = 1;
	classes = {
	};
	objectVersion = 56;
	objects = {

/* Begin PBXBuildFile section */
		6332231529FF99AF002E619F /* TvShow.swift in Sources */ = {isa = PBXBuildFile; fileRef = 6332231429FF99AF002E619F /* TvShow.swift */; };
		6332231729FF9B52002E619F /* ResponseTV.swift in Sources */ = {isa = PBXBuildFile; fileRef = 6332231629FF9B52002E619F /* ResponseTV.swift */; };
		6332231929FF9D58002E619F /* Media.swift in Sources */ = {isa = PBXBuildFile; fileRef = 6332231829FF9D58002E619F /* Media.swift */; };
		635242CB2A03A93400BA8E41 /* FavoritesTableViewCell.swift in Sources */ = {isa = PBXBuildFile; fileRef = 635242C92A03A93400BA8E41 /* FavoritesTableViewCell.swift */; };
		635242CC2A03A93400BA8E41 /* FavoritesTableViewCell.xib in Resources */ = {isa = PBXBuildFile; fileRef = 635242CA2A03A93400BA8E41 /* FavoritesTableViewCell.xib */; };
		6353CA8429FFB84A00782E9E /* MovieDetailsVC.swift in Sources */ = {isa = PBXBuildFile; fileRef = 6353CA8329FFB84A00782E9E /* MovieDetailsVC.swift */; };
		6353CA8629FFB85D00782E9E /* MovieDetails.storyboard in Resources */ = {isa = PBXBuildFile; fileRef = 6353CA8529FFB85D00782E9E /* MovieDetails.storyboard */; };
		6356F6932A03BD5D00BBCC58 /* RealmManager.swift in Sources */ = {isa = PBXBuildFile; fileRef = 6356F6922A03BD5D00BBCC58 /* RealmManager.swift */; };
		638174A92A01299B00CC8DE4 /* VideoResponse.swift in Sources */ = {isa = PBXBuildFile; fileRef = 638174A82A01299B00CC8DE4 /* VideoResponse.swift */; };
		63B1196829F99E6800DB6D50 /* AppDelegate.swift in Sources */ = {isa = PBXBuildFile; fileRef = 63B1196729F99E6800DB6D50 /* AppDelegate.swift */; };
		63B1196A29F99E6800DB6D50 /* SceneDelegate.swift in Sources */ = {isa = PBXBuildFile; fileRef = 63B1196929F99E6800DB6D50 /* SceneDelegate.swift */; };
		63B1196C29F99E6800DB6D50 /* LoginVC.swift in Sources */ = {isa = PBXBuildFile; fileRef = 63B1196B29F99E6800DB6D50 /* LoginVC.swift */; };
		63B1196F29F99E6800DB6D50 /* Main.storyboard in Resources */ = {isa = PBXBuildFile; fileRef = 63B1196D29F99E6800DB6D50 /* Main.storyboard */; };
		63B1197129F99E6900DB6D50 /* Assets.xcassets in Resources */ = {isa = PBXBuildFile; fileRef = 63B1197029F99E6900DB6D50 /* Assets.xcassets */; };
		63B1197429F99E6900DB6D50 /* LaunchScreen.storyboard in Resources */ = {isa = PBXBuildFile; fileRef = 63B1197229F99E6900DB6D50 /* LaunchScreen.storyboard */; };
		63B1198629FBB5CE00DB6D50 /* Movies.storyboard in Resources */ = {isa = PBXBuildFile; fileRef = 63B1198529FBB5CE00DB6D50 /* Movies.storyboard */; };
		63B1198829FBB61500DB6D50 /* SearchMoviesVC.swift in Sources */ = {isa = PBXBuildFile; fileRef = 63B1198729FBB61500DB6D50 /* SearchMoviesVC.swift */; };
		63B1198A29FBE13700DB6D50 /* CustomTabBarController.swift in Sources */ = {isa = PBXBuildFile; fileRef = 63B1198929FBE13700DB6D50 /* CustomTabBarController.swift */; };
		63B1198D29FBF2DB00DB6D50 /* FavoritesVC.swift in Sources */ = {isa = PBXBuildFile; fileRef = 63B1198C29FBF2DB00DB6D50 /* FavoritesVC.swift */; };
		63B1198F29FBF44900DB6D50 /* Constants.swift in Sources */ = {isa = PBXBuildFile; fileRef = 63B1198E29FBF44900DB6D50 /* Constants.swift */; };
		63B1199329FC03FA00DB6D50 /* SearchMovieTableViewCell.swift in Sources */ = {isa = PBXBuildFile; fileRef = 63B1199129FC03FA00DB6D50 /* SearchMovieTableViewCell.swift */; };
		63B1199429FC03FA00DB6D50 /* SearchMovieTableViewCell.xib in Resources */ = {isa = PBXBuildFile; fileRef = 63B1199229FC03FA00DB6D50 /* SearchMovieTableViewCell.xib */; };
		63C77A4C29FD51B400628200 /* Movie.swift in Sources */ = {isa = PBXBuildFile; fileRef = 63C77A4B29FD51B400628200 /* Movie.swift */; };
		63C77A4E29FD525500628200 /* ResponseMovie.swift in Sources */ = {isa = PBXBuildFile; fileRef = 63C77A4D29FD525500628200 /* ResponseMovie.swift */; };
		63E6715629FD587100B44F1C /* NetworkService.swift in Sources */ = {isa = PBXBuildFile; fileRef = 63E6715529FD587100B44F1C /* NetworkService.swift */; };
		E25E38BFF82A4201003FA78B /* Pods_Cyber_Movie.framework in Frameworks */ = {isa = PBXBuildFile; fileRef = F17A3878DF2E09549FE5D82C /* Pods_Cyber_Movie.framework */; };
/* End PBXBuildFile section */

/* Begin PBXFileReference section */
		6332231429FF99AF002E619F /* TvShow.swift */ = {isa = PBXFileReference; lastKnownFileType = sourcecode.swift; path = TvShow.swift; sourceTree = "<group>"; };
		6332231629FF9B52002E619F /* ResponseTV.swift */ = {isa = PBXFileReference; lastKnownFileType = sourcecode.swift; path = ResponseTV.swift; sourceTree = "<group>"; };
		6332231829FF9D58002E619F /* Media.swift */ = {isa = PBXFileReference; lastKnownFileType = sourcecode.swift; path = Media.swift; sourceTree = "<group>"; };
		635242C92A03A93400BA8E41 /* FavoritesTableViewCell.swift */ = {isa = PBXFileReference; lastKnownFileType = sourcecode.swift; path = FavoritesTableViewCell.swift; sourceTree = "<group>"; };
		635242CA2A03A93400BA8E41 /* FavoritesTableViewCell.xib */ = {isa = PBXFileReference; lastKnownFileType = file.xib; path = FavoritesTableViewCell.xib; sourceTree = "<group>"; };
		6353CA8329FFB84A00782E9E /* MovieDetailsVC.swift */ = {isa = PBXFileReference; lastKnownFileType = sourcecode.swift; path = MovieDetailsVC.swift; sourceTree = "<group>"; };
		6353CA8529FFB85D00782E9E /* MovieDetails.storyboard */ = {isa = PBXFileReference; lastKnownFileType = file.storyboard; path = MovieDetails.storyboard; sourceTree = "<group>"; };
		6356F6922A03BD5D00BBCC58 /* RealmManager.swift */ = {isa = PBXFileReference; lastKnownFileType = sourcecode.swift; path = RealmManager.swift; sourceTree = "<group>"; };
		638174A82A01299B00CC8DE4 /* VideoResponse.swift */ = {isa = PBXFileReference; lastKnownFileType = sourcecode.swift; path = VideoResponse.swift; sourceTree = "<group>"; };
		63B1196429F99E6800DB6D50 /* Cyber Movie.app */ = {isa = PBXFileReference; explicitFileType = wrapper.application; includeInIndex = 0; path = "Cyber Movie.app"; sourceTree = BUILT_PRODUCTS_DIR; };
		63B1196729F99E6800DB6D50 /* AppDelegate.swift */ = {isa = PBXFileReference; lastKnownFileType = sourcecode.swift; path = AppDelegate.swift; sourceTree = "<group>"; };
		63B1196929F99E6800DB6D50 /* SceneDelegate.swift */ = {isa = PBXFileReference; lastKnownFileType = sourcecode.swift; path = SceneDelegate.swift; sourceTree = "<group>"; };
		63B1196B29F99E6800DB6D50 /* LoginVC.swift */ = {isa = PBXFileReference; lastKnownFileType = sourcecode.swift; path = LoginVC.swift; sourceTree = "<group>"; };
		63B1196E29F99E6800DB6D50 /* Base */ = {isa = PBXFileReference; lastKnownFileType = file.storyboard; name = Base; path = Base.lproj/Main.storyboard; sourceTree = "<group>"; };
		63B1197029F99E6900DB6D50 /* Assets.xcassets */ = {isa = PBXFileReference; lastKnownFileType = folder.assetcatalog; path = Assets.xcassets; sourceTree = "<group>"; };
		63B1197329F99E6900DB6D50 /* Base */ = {isa = PBXFileReference; lastKnownFileType = file.storyboard; name = Base; path = Base.lproj/LaunchScreen.storyboard; sourceTree = "<group>"; };
		63B1197529F99E6900DB6D50 /* Info.plist */ = {isa = PBXFileReference; lastKnownFileType = text.plist.xml; path = Info.plist; sourceTree = "<group>"; };
		63B1198529FBB5CE00DB6D50 /* Movies.storyboard */ = {isa = PBXFileReference; lastKnownFileType = file.storyboard; path = Movies.storyboard; sourceTree = "<group>"; };
		63B1198729FBB61500DB6D50 /* SearchMoviesVC.swift */ = {isa = PBXFileReference; lastKnownFileType = sourcecode.swift; path = SearchMoviesVC.swift; sourceTree = "<group>"; };
		63B1198929FBE13700DB6D50 /* CustomTabBarController.swift */ = {isa = PBXFileReference; lastKnownFileType = sourcecode.swift; path = CustomTabBarController.swift; sourceTree = "<group>"; };
		63B1198C29FBF2DB00DB6D50 /* FavoritesVC.swift */ = {isa = PBXFileReference; lastKnownFileType = sourcecode.swift; path = FavoritesVC.swift; sourceTree = "<group>"; };
		63B1198E29FBF44900DB6D50 /* Constants.swift */ = {isa = PBXFileReference; lastKnownFileType = sourcecode.swift; path = Constants.swift; sourceTree = "<group>"; };
		63B1199129FC03FA00DB6D50 /* SearchMovieTableViewCell.swift */ = {isa = PBXFileReference; lastKnownFileType = sourcecode.swift; path = SearchMovieTableViewCell.swift; sourceTree = "<group>"; };
		63B1199229FC03FA00DB6D50 /* SearchMovieTableViewCell.xib */ = {isa = PBXFileReference; lastKnownFileType = file.xib; path = SearchMovieTableViewCell.xib; sourceTree = "<group>"; };
		63C77A4B29FD51B400628200 /* Movie.swift */ = {isa = PBXFileReference; lastKnownFileType = sourcecode.swift; path = Movie.swift; sourceTree = "<group>"; };
		63C77A4D29FD525500628200 /* ResponseMovie.swift */ = {isa = PBXFileReference; lastKnownFileType = sourcecode.swift; path = ResponseMovie.swift; sourceTree = "<group>"; };
		63E6715529FD587100B44F1C /* NetworkService.swift */ = {isa = PBXFileReference; lastKnownFileType = sourcecode.swift; path = NetworkService.swift; sourceTree = "<group>"; };
		AF70068A446FDF7A67562AF0 /* Pods-Cyber Movie.release.xcconfig */ = {isa = PBXFileReference; includeInIndex = 1; lastKnownFileType = text.xcconfig; name = "Pods-Cyber Movie.release.xcconfig"; path = "Target Support Files/Pods-Cyber Movie/Pods-Cyber Movie.release.xcconfig"; sourceTree = "<group>"; };
		BDE3D2C9A49CDDBF77883E63 /* Pods-Cyber Movie.debug.xcconfig */ = {isa = PBXFileReference; includeInIndex = 1; lastKnownFileType = text.xcconfig; name = "Pods-Cyber Movie.debug.xcconfig"; path = "Target Support Files/Pods-Cyber Movie/Pods-Cyber Movie.debug.xcconfig"; sourceTree = "<group>"; };
		F17A3878DF2E09549FE5D82C /* Pods_Cyber_Movie.framework */ = {isa = PBXFileReference; explicitFileType = wrapper.framework; includeInIndex = 0; path = Pods_Cyber_Movie.framework; sourceTree = BUILT_PRODUCTS_DIR; };
/* End PBXFileReference section */

/* Begin PBXFrameworksBuildPhase section */
		63B1196129F99E6800DB6D50 /* Frameworks */ = {
			isa = PBXFrameworksBuildPhase;
			buildActionMask = 2147483647;
			files = (
				E25E38BFF82A4201003FA78B /* Pods_Cyber_Movie.framework in Frameworks */,
			);
			runOnlyForDeploymentPostprocessing = 0;
		};
/* End PBXFrameworksBuildPhase section */

/* Begin PBXGroup section */
		63B1195B29F99E6800DB6D50 = {
			isa = PBXGroup;
			children = (
				63B1196629F99E6800DB6D50 /* Cyber Movie */,
				63B1196529F99E6800DB6D50 /* Products */,
				B6ACBD1A0D795D99C969D73E /* Pods */,
				658C3B345C1955C2B7F4CD06 /* Frameworks */,
			);
			sourceTree = "<group>";
		};
		63B1196529F99E6800DB6D50 /* Products */ = {
			isa = PBXGroup;
			children = (
				63B1196429F99E6800DB6D50 /* Cyber Movie.app */,
			);
			name = Products;
			sourceTree = "<group>";
		};
		63B1196629F99E6800DB6D50 /* Cyber Movie */ = {
			isa = PBXGroup;
			children = (
				63B1199029FC03AB00DB6D50 /* Cell */,
				63B1197C29FAE4A400DB6D50 /* Controllers */,
				63B1197B29F9A32000DB6D50 /* Common */,
				63B1197D29FAE5C600DB6D50 /* Models */,
				63B1197E29FAE5F300DB6D50 /* Resources */,
				63B1196B29F99E6800DB6D50 /* LoginVC.swift */,
				63B1196D29F99E6800DB6D50 /* Main.storyboard */,
				63B1198E29FBF44900DB6D50 /* Constants.swift */,
				63E6715529FD587100B44F1C /* NetworkService.swift */,
				6356F6922A03BD5D00BBCC58 /* RealmManager.swift */,
			);
			path = "Cyber Movie";
			sourceTree = "<group>";
		};
		63B1197B29F9A32000DB6D50 /* Common */ = {
			isa = PBXGroup;
			children = (
				63B1196729F99E6800DB6D50 /* AppDelegate.swift */,
				63B1196929F99E6800DB6D50 /* SceneDelegate.swift */,
				63B1197029F99E6900DB6D50 /* Assets.xcassets */,
				63B1197229F99E6900DB6D50 /* LaunchScreen.storyboard */,
				63B1197529F99E6900DB6D50 /* Info.plist */,
			);
			path = Common;
			sourceTree = "<group>";
		};
		63B1197C29FAE4A400DB6D50 /* Controllers */ = {
			isa = PBXGroup;
			children = (
				63B1198929FBE13700DB6D50 /* CustomTabBarController.swift */,
				63B1198529FBB5CE00DB6D50 /* Movies.storyboard */,
				63B1198729FBB61500DB6D50 /* SearchMoviesVC.swift */,
				63B1198C29FBF2DB00DB6D50 /* FavoritesVC.swift */,
				6353CA8329FFB84A00782E9E /* MovieDetailsVC.swift */,
				6353CA8529FFB85D00782E9E /* MovieDetails.storyboard */,
			);
			path = Controllers;
			sourceTree = "<group>";
		};
		63B1197D29FAE5C600DB6D50 /* Models */ = {
			isa = PBXGroup;
			children = (
				63C77A4B29FD51B400628200 /* Movie.swift */,
				6332231429FF99AF002E619F /* TvShow.swift */,
				63C77A4D29FD525500628200 /* ResponseMovie.swift */,
				6332231629FF9B52002E619F /* ResponseTV.swift */,
				6332231829FF9D58002E619F /* Media.swift */,
				638174A82A01299B00CC8DE4 /* VideoResponse.swift */,
			);
			path = Models;
			sourceTree = "<group>";
		};
		63B1197E29FAE5F300DB6D50 /* Resources */ = {
			isa = PBXGroup;
			children = (
			);
			path = Resources;
			sourceTree = "<group>";
		};
		63B1199029FC03AB00DB6D50 /* Cell */ = {
			isa = PBXGroup;
			children = (
				63B1199129FC03FA00DB6D50 /* SearchMovieTableViewCell.swift */,
				63B1199229FC03FA00DB6D50 /* SearchMovieTableViewCell.xib */,
				635242C92A03A93400BA8E41 /* FavoritesTableViewCell.swift */,
				635242CA2A03A93400BA8E41 /* FavoritesTableViewCell.xib */,
			);
			path = Cell;
			sourceTree = "<group>";
		};
		658C3B345C1955C2B7F4CD06 /* Frameworks */ = {
			isa = PBXGroup;
			children = (
				F17A3878DF2E09549FE5D82C /* Pods_Cyber_Movie.framework */,
			);
			name = Frameworks;
			sourceTree = "<group>";
		};
		B6ACBD1A0D795D99C969D73E /* Pods */ = {
			isa = PBXGroup;
			children = (
				BDE3D2C9A49CDDBF77883E63 /* Pods-Cyber Movie.debug.xcconfig */,
				AF70068A446FDF7A67562AF0 /* Pods-Cyber Movie.release.xcconfig */,
			);
			path = Pods;
			sourceTree = "<group>";
		};
/* End PBXGroup section */

/* Begin PBXNativeTarget section */
		63B1196329F99E6800DB6D50 /* Cyber Movie */ = {
			isa = PBXNativeTarget;
			buildConfigurationList = 63B1197829F99E6900DB6D50 /* Build configuration list for PBXNativeTarget "Cyber Movie" */;
			buildPhases = (
				1BF6D30562C0D105BD1124B5 /* [CP] Check Pods Manifest.lock */,
				63B1196029F99E6800DB6D50 /* Sources */,
				63B1196129F99E6800DB6D50 /* Frameworks */,
				63B1196229F99E6800DB6D50 /* Resources */,
				370424A7C8B070FF8F6046AC /* [CP] Embed Pods Frameworks */,
			);
			buildRules = (
			);
			dependencies = (
			);
			name = "Cyber Movie";
			productName = "Cyber Movie";
			productReference = 63B1196429F99E6800DB6D50 /* Cyber Movie.app */;
			productType = "com.apple.product-type.application";
		};
/* End PBXNativeTarget section */

/* Begin PBXProject section */
		63B1195C29F99E6800DB6D50 /* Project object */ = {
			isa = PBXProject;
			attributes = {
				BuildIndependentTargetsInParallel = 1;
				LastSwiftUpdateCheck = 1430;
				LastUpgradeCheck = 1430;
				TargetAttributes = {
					63B1196329F99E6800DB6D50 = {
						CreatedOnToolsVersion = 14.3;
					};
				};
			};
			buildConfigurationList = 63B1195F29F99E6800DB6D50 /* Build configuration list for PBXProject "Cyber Movie" */;
			compatibilityVersion = "Xcode 14.0";
			developmentRegion = en;
			hasScannedForEncodings = 0;
			knownRegions = (
				en,
				Base,
			);
			mainGroup = 63B1195B29F99E6800DB6D50;
			productRefGroup = 63B1196529F99E6800DB6D50 /* Products */;
			projectDirPath = "";
			projectRoot = "";
			targets = (
				63B1196329F99E6800DB6D50 /* Cyber Movie */,
			);
		};
/* End PBXProject section */

/* Begin PBXResourcesBuildPhase section */
		63B1196229F99E6800DB6D50 /* Resources */ = {
			isa = PBXResourcesBuildPhase;
			buildActionMask = 2147483647;
			files = (
				63B1197429F99E6900DB6D50 /* LaunchScreen.storyboard in Resources */,
				63B1197129F99E6900DB6D50 /* Assets.xcassets in Resources */,
				6353CA8629FFB85D00782E9E /* MovieDetails.storyboard in Resources */,
				63B1196F29F99E6800DB6D50 /* Main.storyboard in Resources */,
				63B1199429FC03FA00DB6D50 /* SearchMovieTableViewCell.xib in Resources */,
				63B1198629FBB5CE00DB6D50 /* Movies.storyboard in Resources */,
				635242CC2A03A93400BA8E41 /* FavoritesTableViewCell.xib in Resources */,
			);
			runOnlyForDeploymentPostprocessing = 0;
		};
/* End PBXResourcesBuildPhase section */

/* Begin PBXShellScriptBuildPhase section */
		1BF6D30562C0D105BD1124B5 /* [CP] Check Pods Manifest.lock */ = {
			isa = PBXShellScriptBuildPhase;
			buildActionMask = 2147483647;
			files = (
			);
			inputFileListPaths = (
			);
			inputPaths = (
				"${PODS_PODFILE_DIR_PATH}/Podfile.lock",
				"${PODS_ROOT}/Manifest.lock",
			);
			name = "[CP] Check Pods Manifest.lock";
			outputFileListPaths = (
			);
			outputPaths = (
				"$(DERIVED_FILE_DIR)/Pods-Cyber Movie-checkManifestLockResult.txt",
			);
			runOnlyForDeploymentPostprocessing = 0;
			shellPath = /bin/sh;
			shellScript = "diff \"${PODS_PODFILE_DIR_PATH}/Podfile.lock\" \"${PODS_ROOT}/Manifest.lock\" > /dev/null\nif [ $? != 0 ] ; then\n    # print error to STDERR\n    echo \"error: The sandbox is not in sync with the Podfile.lock. Run 'pod install' or update your CocoaPods installation.\" >&2\n    exit 1\nfi\n# This output is used by Xcode 'outputs' to avoid re-running this script phase.\necho \"SUCCESS\" > \"${SCRIPT_OUTPUT_FILE_0}\"\n";
			showEnvVarsInLog = 0;
		};
		370424A7C8B070FF8F6046AC /* [CP] Embed Pods Frameworks */ = {
			isa = PBXShellScriptBuildPhase;
			buildActionMask = 2147483647;
			files = (
			);
			inputFileListPaths = (
				"${PODS_ROOT}/Target Support Files/Pods-Cyber Movie/Pods-Cyber Movie-frameworks-${CONFIGURATION}-input-files.xcfilelist",
			);
			name = "[CP] Embed Pods Frameworks";
			outputFileListPaths = (
				"${PODS_ROOT}/Target Support Files/Pods-Cyber Movie/Pods-Cyber Movie-frameworks-${CONFIGURATION}-output-files.xcfilelist",
			);
			runOnlyForDeploymentPostprocessing = 0;
			shellPath = /bin/sh;
			shellScript = "\"${PODS_ROOT}/Target Support Files/Pods-Cyber Movie/Pods-Cyber Movie-frameworks.sh\"\n";
			showEnvVarsInLog = 0;
		};
/* End PBXShellScriptBuildPhase section */

/* Begin PBXSourcesBuildPhase section */
		63B1196029F99E6800DB6D50 /* Sources */ = {
			isa = PBXSourcesBuildPhase;
			buildActionMask = 2147483647;
			files = (
				63E6715629FD587100B44F1C /* NetworkService.swift in Sources */,
				63B1196C29F99E6800DB6D50 /* LoginVC.swift in Sources */,
				6332231929FF9D58002E619F /* Media.swift in Sources */,
				63B1198829FBB61500DB6D50 /* SearchMoviesVC.swift in Sources */,
				638174A92A01299B00CC8DE4 /* VideoResponse.swift in Sources */,
				6356F6932A03BD5D00BBCC58 /* RealmManager.swift in Sources */,
				63B1199329FC03FA00DB6D50 /* SearchMovieTableViewCell.swift in Sources */,
				63B1198D29FBF2DB00DB6D50 /* FavoritesVC.swift in Sources */,
				6332231729FF9B52002E619F /* ResponseTV.swift in Sources */,
				63C77A4E29FD525500628200 /* ResponseMovie.swift in Sources */,
				6353CA8429FFB84A00782E9E /* MovieDetailsVC.swift in Sources */,
				6332231529FF99AF002E619F /* TvShow.swift in Sources */,
				63B1196829F99E6800DB6D50 /* AppDelegate.swift in Sources */,
				63B1198F29FBF44900DB6D50 /* Constants.swift in Sources */,
				63C77A4C29FD51B400628200 /* Movie.swift in Sources */,
				635242CB2A03A93400BA8E41 /* FavoritesTableViewCell.swift in Sources */,
				63B1198A29FBE13700DB6D50 /* CustomTabBarController.swift in Sources */,
				63B1196A29F99E6800DB6D50 /* SceneDelegate.swift in Sources */,
			);
			runOnlyForDeploymentPostprocessing = 0;
		};
/* End PBXSourcesBuildPhase section */

/* Begin PBXVariantGroup section */
		63B1196D29F99E6800DB6D50 /* Main.storyboard */ = {
			isa = PBXVariantGroup;
			children = (
				63B1196E29F99E6800DB6D50 /* Base */,
			);
			name = Main.storyboard;
			sourceTree = "<group>";
		};
		63B1197229F99E6900DB6D50 /* LaunchScreen.storyboard */ = {
			isa = PBXVariantGroup;
			children = (
				63B1197329F99E6900DB6D50 /* Base */,
			);
			name = LaunchScreen.storyboard;
			sourceTree = "<group>";
		};
/* End PBXVariantGroup section */

/* Begin XCBuildConfiguration section */
		63B1197629F99E6900DB6D50 /* Debug */ = {
			isa = XCBuildConfiguration;
			buildSettings = {
				ALWAYS_SEARCH_USER_PATHS = NO;
				CLANG_ANALYZER_NONNULL = YES;
				CLANG_ANALYZER_NUMBER_OBJECT_CONVERSION = YES_AGGRESSIVE;
				CLANG_CXX_LANGUAGE_STANDARD = "gnu++20";
				CLANG_ENABLE_MODULES = YES;
				CLANG_ENABLE_OBJC_ARC = YES;
				CLANG_ENABLE_OBJC_WEAK = YES;
				CLANG_WARN_BLOCK_CAPTURE_AUTORELEASING = YES;
				CLANG_WARN_BOOL_CONVERSION = YES;
				CLANG_WARN_COMMA = YES;
				CLANG_WARN_CONSTANT_CONVERSION = YES;
				CLANG_WARN_DEPRECATED_OBJC_IMPLEMENTATIONS = YES;
				CLANG_WARN_DIRECT_OBJC_ISA_USAGE = YES_ERROR;
				CLANG_WARN_DOCUMENTATION_COMMENTS = YES;
				CLANG_WARN_EMPTY_BODY = YES;
				CLANG_WARN_ENUM_CONVERSION = YES;
				CLANG_WARN_INFINITE_RECURSION = YES;
				CLANG_WARN_INT_CONVERSION = YES;
				CLANG_WARN_NON_LITERAL_NULL_CONVERSION = YES;
				CLANG_WARN_OBJC_IMPLICIT_RETAIN_SELF = YES;
				CLANG_WARN_OBJC_LITERAL_CONVERSION = YES;
				CLANG_WARN_OBJC_ROOT_CLASS = YES_ERROR;
				CLANG_WARN_QUOTED_INCLUDE_IN_FRAMEWORK_HEADER = YES;
				CLANG_WARN_RANGE_LOOP_ANALYSIS = YES;
				CLANG_WARN_STRICT_PROTOTYPES = YES;
				CLANG_WARN_SUSPICIOUS_MOVE = YES;
				CLANG_WARN_UNGUARDED_AVAILABILITY = YES_AGGRESSIVE;
				CLANG_WARN_UNREACHABLE_CODE = YES;
				CLANG_WARN__DUPLICATE_METHOD_MATCH = YES;
				COPY_PHASE_STRIP = NO;
				DEBUG_INFORMATION_FORMAT = dwarf;
				ENABLE_STRICT_OBJC_MSGSEND = YES;
				ENABLE_TESTABILITY = YES;
				GCC_C_LANGUAGE_STANDARD = gnu11;
				GCC_DYNAMIC_NO_PIC = NO;
				GCC_NO_COMMON_BLOCKS = YES;
				GCC_OPTIMIZATION_LEVEL = 0;
				GCC_PREPROCESSOR_DEFINITIONS = (
					"DEBUG=1",
					"$(inherited)",
				);
				GCC_WARN_64_TO_32_BIT_CONVERSION = YES;
				GCC_WARN_ABOUT_RETURN_TYPE = YES_ERROR;
				GCC_WARN_UNDECLARED_SELECTOR = YES;
				GCC_WARN_UNINITIALIZED_AUTOS = YES_AGGRESSIVE;
				GCC_WARN_UNUSED_FUNCTION = YES;
				GCC_WARN_UNUSED_VARIABLE = YES;
				IPHONEOS_DEPLOYMENT_TARGET = 16.4;
				MTL_ENABLE_DEBUG_INFO = INCLUDE_SOURCE;
				MTL_FAST_MATH = YES;
				ONLY_ACTIVE_ARCH = YES;
				SDKROOT = iphoneos;
				SWIFT_ACTIVE_COMPILATION_CONDITIONS = DEBUG;
				SWIFT_OPTIMIZATION_LEVEL = "-Onone";
			};
			name = Debug;
		};
		63B1197729F99E6900DB6D50 /* Release */ = {
			isa = XCBuildConfiguration;
			buildSettings = {
				ALWAYS_SEARCH_USER_PATHS = NO;
				CLANG_ANALYZER_NONNULL = YES;
				CLANG_ANALYZER_NUMBER_OBJECT_CONVERSION = YES_AGGRESSIVE;
				CLANG_CXX_LANGUAGE_STANDARD = "gnu++20";
				CLANG_ENABLE_MODULES = YES;
				CLANG_ENABLE_OBJC_ARC = YES;
				CLANG_ENABLE_OBJC_WEAK = YES;
				CLANG_WARN_BLOCK_CAPTURE_AUTORELEASING = YES;
				CLANG_WARN_BOOL_CONVERSION = YES;
				CLANG_WARN_COMMA = YES;
				CLANG_WARN_CONSTANT_CONVERSION = YES;
				CLANG_WARN_DEPRECATED_OBJC_IMPLEMENTATIONS = YES;
				CLANG_WARN_DIRECT_OBJC_ISA_USAGE = YES_ERROR;
				CLANG_WARN_DOCUMENTATION_COMMENTS = YES;
				CLANG_WARN_EMPTY_BODY = YES;
				CLANG_WARN_ENUM_CONVERSION = YES;
				CLANG_WARN_INFINITE_RECURSION = YES;
				CLANG_WARN_INT_CONVERSION = YES;
				CLANG_WARN_NON_LITERAL_NULL_CONVERSION = YES;
				CLANG_WARN_OBJC_IMPLICIT_RETAIN_SELF = YES;
				CLANG_WARN_OBJC_LITERAL_CONVERSION = YES;
				CLANG_WARN_OBJC_ROOT_CLASS = YES_ERROR;
				CLANG_WARN_QUOTED_INCLUDE_IN_FRAMEWORK_HEADER = YES;
				CLANG_WARN_RANGE_LOOP_ANALYSIS = YES;
				CLANG_WARN_STRICT_PROTOTYPES = YES;
				CLANG_WARN_SUSPICIOUS_MOVE = YES;
				CLANG_WARN_UNGUARDED_AVAILABILITY = YES_AGGRESSIVE;
				CLANG_WARN_UNREACHABLE_CODE = YES;
				CLANG_WARN__DUPLICATE_METHOD_MATCH = YES;
				COPY_PHASE_STRIP = NO;
				DEBUG_INFORMATION_FORMAT = "dwarf-with-dsym";
				ENABLE_NS_ASSERTIONS = NO;
				ENABLE_STRICT_OBJC_MSGSEND = YES;
				GCC_C_LANGUAGE_STANDARD = gnu11;
				GCC_NO_COMMON_BLOCKS = YES;
				GCC_WARN_64_TO_32_BIT_CONVERSION = YES;
				GCC_WARN_ABOUT_RETURN_TYPE = YES_ERROR;
				GCC_WARN_UNDECLARED_SELECTOR = YES;
				GCC_WARN_UNINITIALIZED_AUTOS = YES_AGGRESSIVE;
				GCC_WARN_UNUSED_FUNCTION = YES;
				GCC_WARN_UNUSED_VARIABLE = YES;
				IPHONEOS_DEPLOYMENT_TARGET = 16.4;
				MTL_ENABLE_DEBUG_INFO = NO;
				MTL_FAST_MATH = YES;
				SDKROOT = iphoneos;
				SWIFT_COMPILATION_MODE = wholemodule;
				SWIFT_OPTIMIZATION_LEVEL = "-O";
				VALIDATE_PRODUCT = YES;
			};
			name = Release;
		};
		63B1197929F99E6900DB6D50 /* Debug */ = {
			isa = XCBuildConfiguration;
			baseConfigurationReference = BDE3D2C9A49CDDBF77883E63 /* Pods-Cyber Movie.debug.xcconfig */;
			buildSettings = {
				ASSETCATALOG_COMPILER_APPICON_NAME = AppIcon;
				ASSETCATALOG_COMPILER_GLOBAL_ACCENT_COLOR_NAME = AccentColor;
				CODE_SIGN_STYLE = Automatic;
				CURRENT_PROJECT_VERSION = 1;
				DEVELOPMENT_TEAM = NW45U774Y9;
				GENERATE_INFOPLIST_FILE = YES;
				INFOPLIST_FILE = "Cyber Movie/Common/Info.plist";
				INFOPLIST_KEY_UIApplicationSupportsIndirectInputEvents = YES;
				INFOPLIST_KEY_UILaunchStoryboardName = LaunchScreen;
				INFOPLIST_KEY_UIMainStoryboardFile = Main;
				INFOPLIST_KEY_UISupportedInterfaceOrientations_iPad = "UIInterfaceOrientationPortrait UIInterfaceOrientationPortraitUpsideDown UIInterfaceOrientationLandscapeLeft UIInterfaceOrientationLandscapeRight";
				INFOPLIST_KEY_UISupportedInterfaceOrientations_iPhone = "UIInterfaceOrientationPortrait UIInterfaceOrientationLandscapeLeft UIInterfaceOrientationLandscapeRight";
				IPHONEOS_DEPLOYMENT_TARGET = 16.0;
				LD_RUNPATH_SEARCH_PATHS = (
					"$(inherited)",
					"@executable_path/Frameworks",
				);
				MARKETING_VERSION = 1.0;
				PRODUCT_BUNDLE_IDENTIFIER = "com.dmytro-pavlov.Cyber-Movie";
				PRODUCT_NAME = "$(TARGET_NAME)";
				SWIFT_EMIT_LOC_STRINGS = YES;
				SWIFT_VERSION = 5.0;
				TARGETED_DEVICE_FAMILY = "1,2";
			};
			name = Debug;
		};
		63B1197A29F99E6900DB6D50 /* Release */ = {
			isa = XCBuildConfiguration;
			baseConfigurationReference = AF70068A446FDF7A67562AF0 /* Pods-Cyber Movie.release.xcconfig */;
			buildSettings = {
				ASSETCATALOG_COMPILER_APPICON_NAME = AppIcon;
				ASSETCATALOG_COMPILER_GLOBAL_ACCENT_COLOR_NAME = AccentColor;
				CODE_SIGN_STYLE = Automatic;
				CURRENT_PROJECT_VERSION = 1;
				DEVELOPMENT_TEAM = NW45U774Y9;
				GENERATE_INFOPLIST_FILE = YES;
				INFOPLIST_FILE = "Cyber Movie/Common/Info.plist";
				INFOPLIST_KEY_UIApplicationSupportsIndirectInputEvents = YES;
				INFOPLIST_KEY_UILaunchStoryboardName = LaunchScreen;
				INFOPLIST_KEY_UIMainStoryboardFile = Main;
				INFOPLIST_KEY_UISupportedInterfaceOrientations_iPad = "UIInterfaceOrientationPortrait UIInterfaceOrientationPortraitUpsideDown UIInterfaceOrientationLandscapeLeft UIInterfaceOrientationLandscapeRight";
				INFOPLIST_KEY_UISupportedInterfaceOrientations_iPhone = "UIInterfaceOrientationPortrait UIInterfaceOrientationLandscapeLeft UIInterfaceOrientationLandscapeRight";
				IPHONEOS_DEPLOYMENT_TARGET = 16.0;
				LD_RUNPATH_SEARCH_PATHS = (
					"$(inherited)",
					"@executable_path/Frameworks",
				);
				MARKETING_VERSION = 1.0;
				PRODUCT_BUNDLE_IDENTIFIER = "com.dmytro-pavlov.Cyber-Movie";
				PRODUCT_NAME = "$(TARGET_NAME)";
				SWIFT_EMIT_LOC_STRINGS = YES;
				SWIFT_VERSION = 5.0;
				TARGETED_DEVICE_FAMILY = "1,2";
			};
			name = Release;
		};
/* End XCBuildConfiguration section */

/* Begin XCConfigurationList section */
		63B1195F29F99E6800DB6D50 /* Build configuration list for PBXProject "Cyber Movie" */ = {
			isa = XCConfigurationList;
			buildConfigurations = (
				63B1197629F99E6900DB6D50 /* Debug */,
				63B1197729F99E6900DB6D50 /* Release */,
			);
			defaultConfigurationIsVisible = 0;
			defaultConfigurationName = Release;
		};
		63B1197829F99E6900DB6D50 /* Build configuration list for PBXNativeTarget "Cyber Movie" */ = {
			isa = XCConfigurationList;
			buildConfigurations = (
				63B1197929F99E6900DB6D50 /* Debug */,
				63B1197A29F99E6900DB6D50 /* Release */,
			);
			defaultConfigurationIsVisible = 0;
			defaultConfigurationName = Release;
		};
/* End XCConfigurationList section */
	};
	rootObject = 63B1195C29F99E6800DB6D50 /* Project object */;
}
